{
  "version": "5",
  "specifiers": {
    "jsr:@gunshi/gunshi@0.29.5": "0.29.5",
    "npm:@gunshi/plugin-global@0.29.5": "0.29.5",
    "npm:@gunshi/plugin-i18n@0.29.5": "0.29.5_@gunshi+plugin-global@0.29.5",
    "npm:@gunshi/plugin-renderer@0.29.5": "0.29.5_@gunshi+plugin-i18n@0.29.5__@gunshi+plugin-global@0.29.5_@gunshi+plugin-global@0.29.5",
    "npm:args-tokens@~0.24.3": "0.24.3"
  },
  "jsr": {
    "@gunshi/gunshi@0.29.5": {
      "integrity": "f96c1a76ebcdd946a561bae78f587ca0c24bce0246161f46edce6ab1b92bb019",
      "dependencies": [
        "npm:@gunshi/plugin-global",
        "npm:@gunshi/plugin-i18n",
        "npm:@gunshi/plugin-renderer",
        "npm:args-tokens"
      ]
    }
  },
  "npm": {
    "@gunshi/plugin-global@0.29.5": {
      "integrity": "sha512-sNBoTK0odCTawABhJzo7XCXV1oH6K3ilCxln5e5pSd1dIFYTENx7VLRUCC9jXXrWagL77SaF08d5tYohk6U1iA==",
      "dependencies": [
        "@gunshi/plugin"
      ]
    },
    "@gunshi/plugin-i18n@0.29.5_@gunshi+plugin-global@0.29.5": {
      "integrity": "sha512-qt10lQMRFYKo51hhlLDsXEcta/qFoGPVlOVCPghwlt6OXo4G0q5DOWt6OZL1ZcZ1RE7JhFKPdkTauACQpEAhHQ==",
      "dependencies": [
        "@gunshi/plugin",
        "@gunshi/plugin-global"
      ],
      "optionalPeers": [
        "@gunshi/plugin-global"
      ]
    },
    "@gunshi/plugin-renderer@0.29.5_@gunshi+plugin-i18n@0.29.5__@gunshi+plugin-global@0.29.5_@gunshi+plugin-global@0.29.5": {
      "integrity": "sha512-Y3YVqxKnVxByVvkbGOeh3hxkvBWYLE1IljF4/Lhj+xmAaezi+Hyj345lrjU1SGnMfMymnVJO+97PVwMCI+LLzw==",
      "dependencies": [
        "@gunshi/plugin",
        "@gunshi/plugin-i18n"
      ]
    },
    "@gunshi/plugin@0.29.5": {
      "integrity": "sha512-0YO4u5hJvHTDXpYYOOf3I4IxJUmdrD/YXWx8cpFDHNrDon/FGD18uazmuEG474iwoST6G9JMsJ8kPsKgIrRonw=="
    },
    "args-tokens@0.24.3": {
      "integrity": "sha512-Blg4MQS0dlrkYS9qQWlcvLZcYGufO0vqLzCfT2yxXyczbRF6PgxE1ZxIpuCd9tGB7kbWzWoN/GG+afKktW33Mg=="
    }
  },
  "workspace": {
    "dependencies": [
      "jsr:@gunshi/gunshi@0.29.5"
    ]
  }
}
